Microsoft Visual Studio Solution File, Format Version 12.00
# Visual Studio Version 17
VisualStudioVersion = 17.5.33103.201
MinimumVisualStudioVersion = 10.0.40219.1
Project("{9A19103F-16F7-4668-BE54-9A1E7A4F7556}") = "PathfinderFx", "PathfinderFx\PathfinderFx.csproj", "{47F814AE-D290-4E2F-97C6-E79D5A81A038}"
EndProject
Project("{FAE04EC0-301F-11D3-BF4B-00C04F79EFBC}") = "IntegrationHarness", "IntegrationHarness\IntegrationHarness.csproj", "{BCFE6456-7A79-4431-BDD0-9C771D1255F0}"
EndProject
Project("{FAE04EC0-301F-11D3-BF4B-00C04F79EFBC}") = "PathfinderFx.Integration", "PathfinderFx.Integration\PathfinderFx.Integration.csproj", "{E76EB493-EB99-4A63-852B-4EB90E4EDC67}"
EndProject
Project("{FAE04EC0-301F-11D3-BF4B-00C04F79EFBC}") = "PathfinderFx.Model", "PathfinderFx.Model\PathfinderFx.Model.csproj", "{9F367948-9F94-4B1C-8770-4F549EDC01A3}"
EndProject
Global
	GlobalSection(SolutionConfigurationPlatforms) = preSolution
		Debug|Any CPU = Debug|Any CPU
		Release|Any CPU = Release|Any CPU
	EndGlobalSection
	GlobalSection(ProjectConfigurationPlatforms) = postSolution
		{47F814AE-D290-4E2F-97C6-E79D5A81A038}.Debug|Any CPU.ActiveCfg = Debug|Any CPU
		{47F814AE-D290-4E2F-97C6-E79D5A81A038}.Debug|Any CPU.Build.0 = Debug|Any CPU
		{47F814AE-D290-4E2F-97C6-E79D5A81A038}.Release|Any CPU.ActiveCfg = Release|Any CPU
		{47F814AE-D290-4E2F-97C6-E79D5A81A038}.Release|Any CPU.Build.0 = Release|Any CPU
		{BCFE6456-7A79-4431-BDD0-9C771D1255F0}.Debug|Any CPU.ActiveCfg = Debug|Any CPU
		{BCFE6456-7A79-4431-BDD0-9C771D1255F0}.Debug|Any CPU.Build.0 = Debug|Any CPU
		{BCFE6456-7A79-4431-BDD0-9C771D1255F0}.Release|Any CPU.ActiveCfg = Release|Any CPU
		{BCFE6456-7A79-4431-BDD0-9C771D1255F0}.Release|Any CPU.Build.0 = Release|Any CPU
		{E76EB493-EB99-4A63-852B-4EB90E4EDC67}.Debug|Any CPU.ActiveCfg = Debug|Any CPU
		{E76EB493-EB99-4A63-852B-4EB90E4EDC67}.Debug|Any CPU.Build.0 = Debug|Any CPU
		{E76EB493-EB99-4A63-852B-4EB90E4EDC67}.Release|Any CPU.ActiveCfg = Release|Any CPU
		{E76EB493-EB99-4A63-852B-4EB90E4EDC67}.Release|Any CPU.Build.0 = Release|Any CPU
		{9F367948-9F94-4B1C-8770-4F549EDC01A3}.Debug|Any CPU.ActiveCfg = Debug|Any CPU
		{9F367948-9F94-4B1C-8770-4F549EDC01A3}.Debug|Any CPU.Build.0 = Debug|Any CPU
		{9F367948-9F94-4B1C-8770-4F549EDC01A3}.Release|Any CPU.ActiveCfg = Release|Any CPU
		{9F367948-9F94-4B1C-8770-4F549EDC01A3}.Release|Any CPU.Build.0 = Release|Any CPU
	EndGlobalSection
	GlobalSection(SolutionProperties) = preSolution
		HideSolutionNode = FALSE
	EndGlobalSection
	GlobalSection(ExtensibilityGlobals) = postSolution
		SolutionGuid = {9EB1D3FE-0570-456C-8766-2EB10A640359}
	EndGlobalSection
	GlobalSection(CRMSolutionProperties) = preSolution
		SolutionIsBoundToCRM = True
	EndGlobalSection
EndGlobal
