Microsoft Visual Studio Solution File, Format Version 12.00
# Visual Studio Version 17
VisualStudioVersion = 17.5.33103.201
MinimumVisualStudioVersion = 10.0.40219.1
Project("{9A19103F-16F7-4668-BE54-9A1E7A4F7556}") = "PathfinderFx", "PathfinderFx\PathfinderFx.csproj", "{47F814AE-D290-4E2F-97C6-E79D5A81A038}"
EndProject
Project("{9A19103F-16F7-4668-BE54-9A1E7A4F7556}") = "PathfinderClient", "PathfinderClient\PathfinderClient.csproj", "{CAB926D1-4118-4683-9B06-EF3DA61948AE}"
EndProject
Project("{9A19103F-16F7-4668-BE54-9A1E7A4F7556}") = "CertGenerator", "CertGenerator\CertGenerator.csproj", "{14FCC0DA-5C51-4B14-BCB8-3E37E274E1E3}"
EndProject
Project("{FAE04EC0-301F-11D3-BF4B-00C04F79EFBC}") = "PathfinderFxGateway", "PathfinderFxGateway\PathfinderFxGateway.csproj", "{83E86B2D-A24D-49A0-925D-84D7FC7FF054}"
EndProject
Global
	GlobalSection(SolutionConfigurationPlatforms) = preSolution
		Debug|Any CPU = Debug|Any CPU
		Release|Any CPU = Release|Any CPU
	EndGlobalSection
	GlobalSection(ProjectConfigurationPlatforms) = postSolution
		{47F814AE-D290-4E2F-97C6-E79D5A81A038}.Debug|Any CPU.ActiveCfg = Debug|Any CPU
		{47F814AE-D290-4E2F-97C6-E79D5A81A038}.Debug|Any CPU.Build.0 = Debug|Any CPU
		{47F814AE-D290-4E2F-97C6-E79D5A81A038}.Release|Any CPU.ActiveCfg = Release|Any CPU
		{47F814AE-D290-4E2F-97C6-E79D5A81A038}.Release|Any CPU.Build.0 = Release|Any CPU
		{CAB926D1-4118-4683-9B06-EF3DA61948AE}.Debug|Any CPU.ActiveCfg = Debug|Any CPU
		{CAB926D1-4118-4683-9B06-EF3DA61948AE}.Debug|Any CPU.Build.0 = Debug|Any CPU
		{CAB926D1-4118-4683-9B06-EF3DA61948AE}.Release|Any CPU.ActiveCfg = Release|Any CPU
		{CAB926D1-4118-4683-9B06-EF3DA61948AE}.Release|Any CPU.Build.0 = Release|Any CPU
		{14FCC0DA-5C51-4B14-BCB8-3E37E274E1E3}.Debug|Any CPU.ActiveCfg = Debug|Any CPU
		{14FCC0DA-5C51-4B14-BCB8-3E37E274E1E3}.Debug|Any CPU.Build.0 = Debug|Any CPU
		{14FCC0DA-5C51-4B14-BCB8-3E37E274E1E3}.Release|Any CPU.ActiveCfg = Release|Any CPU
		{14FCC0DA-5C51-4B14-BCB8-3E37E274E1E3}.Release|Any CPU.Build.0 = Release|Any CPU
		{83E86B2D-A24D-49A0-925D-84D7FC7FF054}.Debug|Any CPU.ActiveCfg = Debug|Any CPU
		{83E86B2D-A24D-49A0-925D-84D7FC7FF054}.Debug|Any CPU.Build.0 = Debug|Any CPU
		{83E86B2D-A24D-49A0-925D-84D7FC7FF054}.Release|Any CPU.ActiveCfg = Release|Any CPU
		{83E86B2D-A24D-49A0-925D-84D7FC7FF054}.Release|Any CPU.Build.0 = Release|Any CPU
	EndGlobalSection
	GlobalSection(SolutionProperties) = preSolution
		HideSolutionNode = FALSE
	EndGlobalSection
	GlobalSection(ExtensibilityGlobals) = postSolution
		SolutionGuid = {9EB1D3FE-0570-456C-8766-2EB10A640359}
	EndGlobalSection
	GlobalSection(CRMSolutionProperties) = preSolution
		SolutionIsBoundToCRM = True
	EndGlobalSection
EndGlobal
